
Microsoft Visual Studio Solution File, Format Version 12.00
# Visual Studio 2013
VisualStudioVersion = 12.0.21005.1
MinimumVisualStudioVersion = 10.0.40219.1
Project("{FAE04EC0-301F-11D3-BF4B-00C04F79EFBC}") = "Problem1", "Problem1\Problem1.csproj", "{9C2C3FC1-6113-494B-BD3F-CD69E074B218}"
EndProject
Project("{FAE04EC0-301F-11D3-BF4B-00C04F79EFBC}") = "UnitTestProject1", "UnitTestProject1\UnitTestProject1.csproj", "{D2A44BDA-9834-4923-ABC1-102870B2870D}"
EndProject
Project("{FAE04EC0-301F-11D3-BF4B-00C04F79EFBC}") = "Problem02", "Problem02\Problem02.csproj", "{E0E13C47-D7EF-4ECC-8D5A-99EE1E0B951B}"
EndProject
Project("{FAE04EC0-301F-11D3-BF4B-00C04F79EFBC}") = "UnitTestProject2", "UnitTestProject2\UnitTestProject2.csproj", "{BEDE3CD6-ECCE-477F-B8D1-01C50200377C}"
EndProject
Project("{FAE04EC0-301F-11D3-BF4B-00C04F79EFBC}") = "Problem03", "Problem03\Problem03.csproj", "{0A277F42-96C0-4B0A-9F7C-0FEF6D0A7CAB}"
EndProject
Project("{FAE04EC0-301F-11D3-BF4B-00C04F79EFBC}") = "UnitTestProject3", "UnitTestProject3\UnitTestProject3.csproj", "{97E75F43-F49E-4128-9CBC-C72D26DF8C6F}"
EndProject
Global
	GlobalSection(SolutionConfigurationPlatforms) = preSolution
		Debug|Any CPU = Debug|Any CPU
		Release|Any CPU = Release|Any CPU
	EndGlobalSection
	GlobalSection(ProjectConfigurationPlatforms) = postSolution
		{9C2C3FC1-6113-494B-BD3F-CD69E074B218}.Debug|Any CPU.ActiveCfg = Debug|Any CPU
		{9C2C3FC1-6113-494B-BD3F-CD69E074B218}.Debug|Any CPU.Build.0 = Debug|Any CPU
		{9C2C3FC1-6113-494B-BD3F-CD69E074B218}.Release|Any CPU.ActiveCfg = Release|Any CPU
		{9C2C3FC1-6113-494B-BD3F-CD69E074B218}.Release|Any CPU.Build.0 = Release|Any CPU
		{D2A44BDA-9834-4923-ABC1-102870B2870D}.Debug|Any CPU.ActiveCfg = Debug|Any CPU
		{D2A44BDA-9834-4923-ABC1-102870B2870D}.Debug|Any CPU.Build.0 = Debug|Any CPU
		{D2A44BDA-9834-4923-ABC1-102870B2870D}.Release|Any CPU.ActiveCfg = Release|Any CPU
		{D2A44BDA-9834-4923-ABC1-102870B2870D}.Release|Any CPU.Build.0 = Release|Any CPU
		{E0E13C47-D7EF-4ECC-8D5A-99EE1E0B951B}.Debug|Any CPU.ActiveCfg = Debug|Any CPU
		{E0E13C47-D7EF-4ECC-8D5A-99EE1E0B951B}.Debug|Any CPU.Build.0 = Debug|Any CPU
		{E0E13C47-D7EF-4ECC-8D5A-99EE1E0B951B}.Release|Any CPU.ActiveCfg = Release|Any CPU
		{E0E13C47-D7EF-4ECC-8D5A-99EE1E0B951B}.Release|Any CPU.Build.0 = Release|Any CPU
		{BEDE3CD6-ECCE-477F-B8D1-01C50200377C}.Debug|Any CPU.ActiveCfg = Debug|Any CPU
		{BEDE3CD6-ECCE-477F-B8D1-01C50200377C}.Debug|Any CPU.Build.0 = Debug|Any CPU
		{BEDE3CD6-ECCE-477F-B8D1-01C50200377C}.Release|Any CPU.ActiveCfg = Release|Any CPU
		{BEDE3CD6-ECCE-477F-B8D1-01C50200377C}.Release|Any CPU.Build.0 = Release|Any CPU
		{0A277F42-96C0-4B0A-9F7C-0FEF6D0A7CAB}.Debug|Any CPU.ActiveCfg = Debug|Any CPU
		{0A277F42-96C0-4B0A-9F7C-0FEF6D0A7CAB}.Debug|Any CPU.Build.0 = Debug|Any CPU
		{0A277F42-96C0-4B0A-9F7C-0FEF6D0A7CAB}.Release|Any CPU.ActiveCfg = Release|Any CPU
		{0A277F42-96C0-4B0A-9F7C-0FEF6D0A7CAB}.Release|Any CPU.Build.0 = Release|Any CPU
		{97E75F43-F49E-4128-9CBC-C72D26DF8C6F}.Debug|Any CPU.ActiveCfg = Debug|Any CPU
		{97E75F43-F49E-4128-9CBC-C72D26DF8C6F}.Debug|Any CPU.Build.0 = Debug|Any CPU
		{97E75F43-F49E-4128-9CBC-C72D26DF8C6F}.Release|Any CPU.ActiveCfg = Release|Any CPU
		{97E75F43-F49E-4128-9CBC-C72D26DF8C6F}.Release|Any CPU.Build.0 = Release|Any CPU
	EndGlobalSection
	GlobalSection(SolutionProperties) = preSolution
		HideSolutionNode = FALSE
	EndGlobalSection
EndGlobal
